
Microsoft Visual Studio Solution File, Format Version 12.00
# Visual Studio Version 17
VisualStudioVersion = 17.2.32526.322
MinimumVisualStudioVersion = 10.0.40219.1
Project("{FAE04EC0-301F-11D3-BF4B-00C04F79EFBC}") = "FileProject", "FileProject\FileProject.csproj", "{5DDD632D-EC85-44A8-A17C-67D42C6B3757}"
EndProject
Project("{FAE04EC0-301F-11D3-BF4B-00C04F79EFBC}") = "FileClassTest", "FileClassTest\FileClassTest.csproj", "{718DDCEC-A8AD-49B6-9F54-62D117644F4D}"
EndProject
Global
	GlobalSection(SolutionConfigurationPlatforms) = preSolution
		Debug|Any CPU = Debug|Any CPU
		Release|Any CPU = Release|Any CPU
	EndGlobalSection
	GlobalSection(ProjectConfigurationPlatforms) = postSolution
		{5DDD632D-EC85-44A8-A17C-67D42C6B3757}.Debug|Any CPU.ActiveCfg = Debug|Any CPU
		{5DDD632D-EC85-44A8-A17C-67D42C6B3757}.Debug|Any CPU.Build.0 = Debug|Any CPU
		{5DDD632D-EC85-44A8-A17C-67D42C6B3757}.Release|Any CPU.ActiveCfg = Release|Any CPU
		{5DDD632D-EC85-44A8-A17C-67D42C6B3757}.Release|Any CPU.Build.0 = Release|Any CPU
		{718DDCEC-A8AD-49B6-9F54-62D117644F4D}.Debug|Any CPU.ActiveCfg = Debug|Any CPU
		{718DDCEC-A8AD-49B6-9F54-62D117644F4D}.Debug|Any CPU.Build.0 = Debug|Any CPU
		{718DDCEC-A8AD-49B6-9F54-62D117644F4D}.Release|Any CPU.ActiveCfg = Release|Any CPU
		{718DDCEC-A8AD-49B6-9F54-62D117644F4D}.Release|Any CPU.Build.0 = Release|Any CPU
	EndGlobalSection
	GlobalSection(SolutionProperties) = preSolution
		HideSolutionNode = FALSE
	EndGlobalSection
	GlobalSection(ExtensibilityGlobals) = postSolution
		SolutionGuid = {55F1B82E-9FEC-468C-8113-4EB39508511F}
	EndGlobalSection
EndGlobal
