
Microsoft Visual Studio Solution File, Format Version 12.00
# Visual Studio Version 17
VisualStudioVersion = 17.2.32526.322
MinimumVisualStudioVersion = 10.0.40219.1
Project("{2150E333-8FDC-42A3-9474-1A3956D46DE8}") = "Services", "Services", "{777C1E75-C905-41E1-BDE7-8F16C1A0A335}"
EndProject
Project("{2150E333-8FDC-42A3-9474-1A3956D46DE8}") = "Catalog", "Catalog", "{036AADB0-96AD-4B2F-846D-F6CB3486F6EE}"
EndProject
Project("{9A19103F-16F7-4668-BE54-9A1E7A4F7556}") = "Catalog.API", "Services\Catalog\Catalog.API\Catalog.API.csproj", "{E958D7A7-C614-466A-A8D6-32AB9CAE1F41}"
EndProject
Project("{E53339B2-1760-4266-BCC7-CA923CBCF16C}") = "docker-compose", "docker-compose.dcproj", "{3DBB5EE8-2966-4DD3-BE15-D7179A68D041}"
EndProject
Global
	GlobalSection(SolutionConfigurationPlatforms) = preSolution
		Debug|Any CPU = Debug|Any CPU
		Release|Any CPU = Release|Any CPU
	EndGlobalSection
	GlobalSection(ProjectConfigurationPlatforms) = postSolution
		{E958D7A7-C614-466A-A8D6-32AB9CAE1F41}.Debug|Any CPU.ActiveCfg = Debug|Any CPU
		{E958D7A7-C614-466A-A8D6-32AB9CAE1F41}.Debug|Any CPU.Build.0 = Debug|Any CPU
		{E958D7A7-C614-466A-A8D6-32AB9CAE1F41}.Release|Any CPU.ActiveCfg = Release|Any CPU
		{E958D7A7-C614-466A-A8D6-32AB9CAE1F41}.Release|Any CPU.Build.0 = Release|Any CPU
		{3DBB5EE8-2966-4DD3-BE15-D7179A68D041}.Debug|Any CPU.ActiveCfg = Debug|Any CPU
		{3DBB5EE8-2966-4DD3-BE15-D7179A68D041}.Debug|Any CPU.Build.0 = Debug|Any CPU
		{3DBB5EE8-2966-4DD3-BE15-D7179A68D041}.Release|Any CPU.ActiveCfg = Release|Any CPU
		{3DBB5EE8-2966-4DD3-BE15-D7179A68D041}.Release|Any CPU.Build.0 = Release|Any CPU
	EndGlobalSection
	GlobalSection(SolutionProperties) = preSolution
		HideSolutionNode = FALSE
	EndGlobalSection
	GlobalSection(NestedProjects) = preSolution
		{036AADB0-96AD-4B2F-846D-F6CB3486F6EE} = {777C1E75-C905-41E1-BDE7-8F16C1A0A335}
		{E958D7A7-C614-466A-A8D6-32AB9CAE1F41} = {036AADB0-96AD-4B2F-846D-F6CB3486F6EE}
	EndGlobalSection
	GlobalSection(ExtensibilityGlobals) = postSolution
		SolutionGuid = {AFECE7C3-CC1B-48C3-AC66-A4C5BA28F4A6}
	EndGlobalSection
EndGlobal
