
Microsoft Visual Studio Solution File, Format Version 12.00
# Visual Studio Version 17
VisualStudioVersion = 17.2.32526.322
MinimumVisualStudioVersion = 10.0.40219.1
Project("{2150E333-8FDC-42A3-9474-1A3956D46DE8}") = "Services", "Services", "{777C1E75-C905-41E1-BDE7-8F16C1A0A335}"
EndProject
Project("{2150E333-8FDC-42A3-9474-1A3956D46DE8}") = "Catalog", "Catalog", "{036AADB0-96AD-4B2F-846D-F6CB3486F6EE}"
EndProject
Project("{9A19103F-16F7-4668-BE54-9A1E7A4F7556}") = "Catalog.API", "Services\Catalog\Catalog.API\Catalog.API.csproj", "{E958D7A7-C614-466A-A8D6-32AB9CAE1F41}"
EndProject
Project("{E53339B2-1760-4266-BCC7-CA923CBCF16C}") = "docker-compose", "docker-compose.dcproj", "{3DBB5EE8-2966-4DD3-BE15-D7179A68D041}"
EndProject
Project("{2150E333-8FDC-42A3-9474-1A3956D46DE8}") = "Basket", "Basket", "{570488EA-2AB1-4E15-AEAD-F8639F427069}"
EndProject
Project("{9A19103F-16F7-4668-BE54-9A1E7A4F7556}") = "Basket.API", "Services\Basket\Basket.API\Basket.API.csproj", "{5ADCA3A5-101B-49BF-8758-1A41E9818067}"
EndProject
Project("{2150E333-8FDC-42A3-9474-1A3956D46DE8}") = "Discount", "Discount", "{47E55DCA-56CF-4F49-900F-A89465D49A2E}"
EndProject
Project("{FAE04EC0-301F-11D3-BF4B-00C04F79EFBC}") = "Discount.API", "Services\Discount\Discount.API\Discount.API.csproj", "{A7FFA940-ED5C-4467-A025-FE05ADDE8C1A}"
EndProject
Project("{FAE04EC0-301F-11D3-BF4B-00C04F79EFBC}") = "Discount.Grpc", "Services\Discount\Discount.Grpc\Discount.Grpc.csproj", "{DC31413C-1B26-4F45-9C79-EBA685EAAAB0}"
EndProject
Global
	GlobalSection(SolutionConfigurationPlatforms) = preSolution
		Debug|Any CPU = Debug|Any CPU
		Release|Any CPU = Release|Any CPU
	EndGlobalSection
	GlobalSection(ProjectConfigurationPlatforms) = postSolution
		{E958D7A7-C614-466A-A8D6-32AB9CAE1F41}.Debug|Any CPU.ActiveCfg = Debug|Any CPU
		{E958D7A7-C614-466A-A8D6-32AB9CAE1F41}.Debug|Any CPU.Build.0 = Debug|Any CPU
		{E958D7A7-C614-466A-A8D6-32AB9CAE1F41}.Release|Any CPU.ActiveCfg = Release|Any CPU
		{E958D7A7-C614-466A-A8D6-32AB9CAE1F41}.Release|Any CPU.Build.0 = Release|Any CPU
		{3DBB5EE8-2966-4DD3-BE15-D7179A68D041}.Debug|Any CPU.ActiveCfg = Debug|Any CPU
		{3DBB5EE8-2966-4DD3-BE15-D7179A68D041}.Debug|Any CPU.Build.0 = Debug|Any CPU
		{3DBB5EE8-2966-4DD3-BE15-D7179A68D041}.Release|Any CPU.ActiveCfg = Release|Any CPU
		{3DBB5EE8-2966-4DD3-BE15-D7179A68D041}.Release|Any CPU.Build.0 = Release|Any CPU
		{5ADCA3A5-101B-49BF-8758-1A41E9818067}.Debug|Any CPU.ActiveCfg = Debug|Any CPU
		{5ADCA3A5-101B-49BF-8758-1A41E9818067}.Debug|Any CPU.Build.0 = Debug|Any CPU
		{5ADCA3A5-101B-49BF-8758-1A41E9818067}.Release|Any CPU.ActiveCfg = Release|Any CPU
		{5ADCA3A5-101B-49BF-8758-1A41E9818067}.Release|Any CPU.Build.0 = Release|Any CPU
		{A7FFA940-ED5C-4467-A025-FE05ADDE8C1A}.Debug|Any CPU.ActiveCfg = Debug|Any CPU
		{A7FFA940-ED5C-4467-A025-FE05ADDE8C1A}.Debug|Any CPU.Build.0 = Debug|Any CPU
		{A7FFA940-ED5C-4467-A025-FE05ADDE8C1A}.Release|Any CPU.ActiveCfg = Release|Any CPU
		{A7FFA940-ED5C-4467-A025-FE05ADDE8C1A}.Release|Any CPU.Build.0 = Release|Any CPU
		{DC31413C-1B26-4F45-9C79-EBA685EAAAB0}.Debug|Any CPU.ActiveCfg = Debug|Any CPU
		{DC31413C-1B26-4F45-9C79-EBA685EAAAB0}.Debug|Any CPU.Build.0 = Debug|Any CPU
		{DC31413C-1B26-4F45-9C79-EBA685EAAAB0}.Release|Any CPU.ActiveCfg = Release|Any CPU
		{DC31413C-1B26-4F45-9C79-EBA685EAAAB0}.Release|Any CPU.Build.0 = Release|Any CPU
	EndGlobalSection
	GlobalSection(SolutionProperties) = preSolution
		HideSolutionNode = FALSE
	EndGlobalSection
	GlobalSection(NestedProjects) = preSolution
		{036AADB0-96AD-4B2F-846D-F6CB3486F6EE} = {777C1E75-C905-41E1-BDE7-8F16C1A0A335}
		{E958D7A7-C614-466A-A8D6-32AB9CAE1F41} = {036AADB0-96AD-4B2F-846D-F6CB3486F6EE}
		{570488EA-2AB1-4E15-AEAD-F8639F427069} = {777C1E75-C905-41E1-BDE7-8F16C1A0A335}
		{5ADCA3A5-101B-49BF-8758-1A41E9818067} = {570488EA-2AB1-4E15-AEAD-F8639F427069}
		{47E55DCA-56CF-4F49-900F-A89465D49A2E} = {777C1E75-C905-41E1-BDE7-8F16C1A0A335}
		{A7FFA940-ED5C-4467-A025-FE05ADDE8C1A} = {47E55DCA-56CF-4F49-900F-A89465D49A2E}
		{DC31413C-1B26-4F45-9C79-EBA685EAAAB0} = {47E55DCA-56CF-4F49-900F-A89465D49A2E}
	EndGlobalSection
	GlobalSection(ExtensibilityGlobals) = postSolution
		SolutionGuid = {AFECE7C3-CC1B-48C3-AC66-A4C5BA28F4A6}
	EndGlobalSection
EndGlobal
